{
  "name": "raf-perf",
  "version": "3.0.1",
  "lockfileVersion": 2,
  "requires": true,
  "packages": {
    "": {
      "name": "raf-perf",
      "version": "3.0.1",
      "funding": [
        {
          "type": "individual",
          "url": "https://paypal.me/dmnsgn"
        },
        {
          "type": "individual",
          "url": "https://commerce.coinbase.com/checkout/56cbdf28-e323-48d8-9c98-7019e72c97f3"
        }
      ],
      "license": "MIT",
      "devDependencies": {
        "canvas-context": "^3.2.0",
        "es-module-shims": "^1.10.0"
      },
      "engines": {
        "node": ">=18.0.0",
        "npm": ">=8.6.0"
      }
    },
    "node_modules/canvas-context": {
      "version": "3.2.0",
      "resolved": "https://registry.npmjs.org/canvas-context/-/canvas-context-3.2.0.tgz",
      "integrity": "sha512-omHLIFfVt+bgWqbWHSeEbk3WKiXLECxUAy+uQfVk4VuHzNqY5pKwt0lHYVJC1AuKayGucUBjiqi5/xL3zXIM6A==",
      "dev": true,
      "funding": [
        {
          "type": "individual",
          "url": "https://paypal.me/dmnsgn"
        },
        {
          "type": "individual",
          "url": "https://commerce.coinbase.com/checkout/56cbdf28-e323-48d8-9c98-7019e72c97f3"
        }
      ],
      "license": "MIT",
      "engines": {
        "node": ">=16.0.0",
        "npm": ">=7.0.0"
      }
    },
    "node_modules/es-module-shims": {
      "version": "1.10.0",
      "resolved": "https://registry.npmjs.org/es-module-shims/-/es-module-shims-1.10.0.tgz",
      "integrity": "sha512-3PmuShQBd9d8pulTFx6L7HKgncnZ1oeSSbrEfnUasb3Tv974BAvyFtW1HLPJSkh5fCaU9JNZbBzPdbxSwg2zqA==",
      "dev": true,
      "license": "MIT"
    }
  },
  "dependencies": {
    "canvas-context": {
      "version": "3.2.0",
      "resolved": "https://registry.npmjs.org/canvas-context/-/canvas-context-3.2.0.tgz",
      "integrity": "sha512-omHLIFfVt+bgWqbWHSeEbk3WKiXLECxUAy+uQfVk4VuHzNqY5pKwt0lHYVJC1AuKayGucUBjiqi5/xL3zXIM6A==",
      "dev": true
    },
    "es-module-shims": {
      "version": "1.10.0",
      "resolved": "https://registry.npmjs.org/es-module-shims/-/es-module-shims-1.10.0.tgz",
      "integrity": "sha512-3PmuShQBd9d8pulTFx6L7HKgncnZ1oeSSbrEfnUasb3Tv974BAvyFtW1HLPJSkh5fCaU9JNZbBzPdbxSwg2zqA==",
      "dev": true
    }
  }
}
