{
  "name": "raf-perf",
  "version": "1.2.0",
  "lockfileVersion": 2,
  "requires": true,
  "packages": {
    "": {
      "version": "1.2.0",
      "funding": [
        {
          "type": "individual",
          "url": "https://paypal.me/dmnsgn"
        },
        {
          "type": "individual",
          "url": "https://commerce.coinbase.com/checkout/56cbdf28-e323-48d8-9c98-7019e72c97f3"
        }
      ],
      "license": "MIT",
      "dependencies": {
        "events": "^3.3.0"
      },
      "devDependencies": {
        "canvas-context": "^3.0.1",
        "es-module-shims": "^0.10.3"
      },
      "engines": {
        "node": ">=15.0.0",
        "npm": ">=7.0.0"
      }
    },
    "node_modules/canvas-context": {
      "version": "3.0.1",
      "resolved": "https://registry.npmjs.org/canvas-context/-/canvas-context-3.0.1.tgz",
      "integrity": "sha512-5fwKfTva3Be6/Ah5N8z5TZIJ7FdoOrQUbbph1ppyzVdd3uiGjYD799hH8HSnl0D1wf7WLKx9C6CQeKkfiSmbmA==",
      "dev": true,
      "funding": [
        {
          "type": "individual",
          "url": "https://paypal.me/dmnsgn"
        },
        {
          "type": "individual",
          "url": "https://commerce.coinbase.com/checkout/56cbdf28-e323-48d8-9c98-7019e72c97f3"
        }
      ],
      "engines": {
        "node": ">=15.0.0",
        "npm": ">=7.0.0"
      }
    },
    "node_modules/es-module-shims": {
      "version": "0.10.3",
      "resolved": "https://registry.npmjs.org/es-module-shims/-/es-module-shims-0.10.3.tgz",
      "integrity": "sha512-pJ5xMeVtyujSqvjQ9sJw4dIG3eRsWxTcdALk42Xe9V54PFT4tP+cCVLzzWF6jo5BcyMxGc1FKHfosmoaP/PXxQ==",
      "dev": true
    },
    "node_modules/events": {
      "version": "3.3.0",
      "resolved": "https://registry.npmjs.org/events/-/events-3.3.0.tgz",
      "integrity": "sha512-mQw+2fkQbALzQ7V0MY0IqdnXNOeTtP4r0lN9z7AAawCXgqea7bDii20AYrIBrFd/Hx0M2Ocz6S111CaFkUcb0Q==",
      "engines": {
        "node": ">=0.8.x"
      }
    }
  },
  "dependencies": {
    "canvas-context": {
      "version": "3.0.1",
      "resolved": "https://registry.npmjs.org/canvas-context/-/canvas-context-3.0.1.tgz",
      "integrity": "sha512-5fwKfTva3Be6/Ah5N8z5TZIJ7FdoOrQUbbph1ppyzVdd3uiGjYD799hH8HSnl0D1wf7WLKx9C6CQeKkfiSmbmA==",
      "dev": true
    },
    "es-module-shims": {
      "version": "0.10.3",
      "resolved": "https://registry.npmjs.org/es-module-shims/-/es-module-shims-0.10.3.tgz",
      "integrity": "sha512-pJ5xMeVtyujSqvjQ9sJw4dIG3eRsWxTcdALk42Xe9V54PFT4tP+cCVLzzWF6jo5BcyMxGc1FKHfosmoaP/PXxQ==",
      "dev": true
    },
    "events": {
      "version": "3.3.0",
      "resolved": "https://registry.npmjs.org/events/-/events-3.3.0.tgz",
      "integrity": "sha512-mQw+2fkQbALzQ7V0MY0IqdnXNOeTtP4r0lN9z7AAawCXgqea7bDii20AYrIBrFd/Hx0M2Ocz6S111CaFkUcb0Q=="
    }
  }
}
